Microsoft Visual Studio Solution File, Format Version 12.00
# Visual Studio Version 17
VisualStudioVersion = 17.0.31903.59
MinimumVisualStudioVersion = 10.0.40219.1
Project("{9A19103F-16F7-4668-BE54-9A1E7A4F7556}") = "Havit.Blazor.Components.Web", "Havit.Blazor.Components.Web\Havit.Blazor.Components.Web.csproj", "{DF1C423F-ACA1-446E-A9F1-099DFDF70D44}"
EndProject
Project("{9A19103F-16F7-4668-BE54-9A1E7A4F7556}") = "Havit.Blazor.Components.Web.Bootstrap", "Havit.Blazor.Components.Web.Bootstrap\Havit.Blazor.Components.Web.Bootstrap.csproj", "{154FB5A5-4A1E-4D38-B492-9EB32E676928}"
EndProject
Project("{9A19103F-16F7-4668-BE54-9A1E7A4F7556}") = "BlazorAppTest", "BlazorAppTest\BlazorAppTest.csproj", "{0685E15F-4A00-4D81-A268-9915B8D048AF}"
EndProject
Project("{9A19103F-16F7-4668-BE54-9A1E7A4F7556}") = "Havit.Blazor.Documentation", "Havit.Blazor.Documentation\Havit.Blazor.Documentation.csproj", "{399A6F03-FA62-45F2-ACBC-F1B09D954807}"
EndProject
Project("{9A19103F-16F7-4668-BE54-9A1E7A4F7556}") = "Havit.Blazor.Documentation.Server", "Havit.Blazor.Documentation.Server\Havit.Blazor.Documentation.Server.csproj", "{C4CC1C76-BCC9-403A-917D-144868F1215E}"
EndProject
Project("{2150E333-8FDC-42A3-9474-1A3956D46DE8}") = "Solution Items", "Solution Items", "{D7B56FC7-6322-4B66-B34F-A972805BF740}"
	ProjectSection(SolutionItems) = preProject
		.editorconfig = .editorconfig
		.gitattributes = .gitattributes
		.gitignore = .gitignore
		CommonAssemblyInfo.cs = CommonAssemblyInfo.cs
		CONTRIBUTING.md = CONTRIBUTING.md
		Directory.Build.props = Directory.Build.props
		Directory.Packages.props = Directory.Packages.props
		exclusion.dic = exclusion.dic
		global.json = global.json
		LICENSE = LICENSE
		logo.png = logo.png
		nuget.config = nuget.config
		NuGet.targets = NuGet.targets
		README.md = README.md
	EndProjectSection
EndProject
Project("{9A19103F-16F7-4668-BE54-9A1E7A4F7556}") = "Havit.Blazor.Components.Web.Tests", "Havit.Blazor.Components.Web.Tests\Havit.Blazor.Components.Web.Tests.csproj", "{47F722AB-B5A4-49AD-899C-9E041C4E6C71}"
EndProject
Project("{9A19103F-16F7-4668-BE54-9A1E7A4F7556}") = "Havit.Blazor.Components.Web.Bootstrap.Tests", "Havit.Blazor.Components.Web.Bootstrap.Tests\Havit.Blazor.Components.Web.Bootstrap.Tests.csproj", "{76FB473D-1C9D-484F-B04F-EDAF71CC1280}"
EndProject
Project("{9A19103F-16F7-4668-BE54-9A1E7A4F7556}") = "Havit.SourceGenerators.StrongApiStringLocalizers", "Havit.SourceGenerators.StrongApiStringLocalizers\Havit.SourceGenerators.StrongApiStringLocalizers.csproj", "{8715FA33-DD71-40F5-996A-3022F5F7B185}"
EndProject
Project("{9A19103F-16F7-4668-BE54-9A1E7A4F7556}") = "Havit.Extensions.Localization", "Havit.Extensions.Localization\Havit.Extensions.Localization.csproj", "{436CF1FE-1E6C-423D-8A64-0E9647C743EF}"
EndProject
Project("{9A19103F-16F7-4668-BE54-9A1E7A4F7556}") = "Havit.Blazor.Grpc.Server", "Havit.Blazor.Grpc.Server\Havit.Blazor.Grpc.Server.csproj", "{12E6532A-0404-4524-A6CC-101193F57D38}"
EndProject
Project("{9A19103F-16F7-4668-BE54-9A1E7A4F7556}") = "Havit.Blazor.Grpc.Client", "Havit.Blazor.Grpc.Client\Havit.Blazor.Grpc.Client.csproj", "{316A1C81-8D88-4232-9595-9CC9720A3758}"
EndProject
Project("{9A19103F-16F7-4668-BE54-9A1E7A4F7556}") = "Havit.Blazor.Grpc.Core", "Havit.Blazor.Grpc.Core\Havit.Blazor.Grpc.Core.csproj", "{02D13F7C-BA47-4C07-946F-83E99B0808FA}"
EndProject
Project("{2150E333-8FDC-42A3-9474-1A3956D46DE8}") = "Havit.Blazor.Grpc", "Havit.Blazor.Grpc", "{79C29E4F-EF98-4F43-9782-B0D58A533C4D}"
EndProject
Project("{9A19103F-16F7-4668-BE54-9A1E7A4F7556}") = "Havit.Blazor.Grpc.Client.WebAssembly", "Havit.Blazor.Grpc.Client.WebAssembly\Havit.Blazor.Grpc.Client.WebAssembly.csproj", "{D9C85141-52C5-4A29-A512-01A069422C15}"
EndProject
Project("{2150E333-8FDC-42A3-9474-1A3956D46DE8}") = "Localization", "Localization", "{201D627C-BC35-4971-95D0-5BA656E771F6}"
EndProject
Project("{9A19103F-16F7-4668-BE54-9A1E7A4F7556}") = "Havit.Blazor.GoogleTagManager", "Havit.Blazor.GoogleTagManager\Havit.Blazor.GoogleTagManager.csproj", "{D05D6A1D-9D0E-4B0B-8A13-7A9DE32D6A3F}"
EndProject
Project("{9A19103F-16F7-4668-BE54-9A1E7A4F7556}") = "Havit.Blazor.Documentation.Tests", "Havit.Blazor.Documentation.Tests\Havit.Blazor.Documentation.Tests.csproj", "{53DE26D4-4393-4BAC-B6BF-8BD02EF02EB0}"
EndProject
Project("{9A19103F-16F7-4668-BE54-9A1E7A4F7556}") = "Havit.Blazor.Components.Web.Bootstrap.InternalSourceGenerators", "Havit.Blazor.Components.Web.Bootstrap.InternalSourceGenerators\Havit.Blazor.Components.Web.Bootstrap.InternalSourceGenerators.csproj", "{94525A2B-194C-4F6A-A50C-1CF798216797}"
EndProject
Project("{9A19103F-16F7-4668-BE54-9A1E7A4F7556}") = "Havit.Blazor.Grpc.Client.Tests", "Havit.Blazor.Grpc.Client.Tests\Havit.Blazor.Grpc.Client.Tests.csproj", "{29F792EC-4240-46B2-98CF-00631F9B15FE}"
EndProject
Project("{9A19103F-16F7-4668-BE54-9A1E7A4F7556}") = "Havit.Blazor.Grpc.TestContracts", "Havit.Blazor.Grpc.TestContracts\Havit.Blazor.Grpc.TestContracts.csproj", "{4A06D529-DD8A-44A0-B07B-90AE89E8B210}"
EndProject
Project("{9A19103F-16F7-4668-BE54-9A1E7A4F7556}") = "Havit.Blazor.Grpc.Core.Tests", "Havit.Blazor.Grpc.Core.Tests\Havit.Blazor.Grpc.Core.Tests.csproj", "{E64B4752-B697-4B5A-91F0-8A8581B1ABE5}"
EndProject
Project("{9A19103F-16F7-4668-BE54-9A1E7A4F7556}") = "Havit.Blazor.Components.Web.Bootstrap.Smart", "Havit.Blazor.Components.Web.Bootstrap.Smart\Havit.Blazor.Components.Web.Bootstrap.Smart.csproj", "{DC8FA7BF-2687-43BE-A310-CA9D89652AE6}"
EndProject
Project("{9A19103F-16F7-4668-BE54-9A1E7A4F7556}") = "Havit.Blazor.Grpc.Client.ServerSideRendering", "Havit.Blazor.Grpc.Client.ServerSideRendering\Havit.Blazor.Grpc.Client.ServerSideRendering.csproj", "{F6A546C8-60C3-47AC-A58B-66E3513DCC7A}"
EndProject
Project("{2150E333-8FDC-42A3-9474-1A3956D46DE8}") = ".github", ".github", "{45BC138B-4F00-43DD-BF5D-D2FC36972857}"
	ProjectSection(SolutionItems) = preProject
		.github\CODEOWNERS = .github\CODEOWNERS
		.github\FUNDING.yml = .github\FUNDING.yml
	EndProjectSection
EndProject
Project("{9A19103F-16F7-4668-BE54-9A1E7A4F7556}") = "Havit.Blazor.Components.Web.Bootstrap.EntityFrameworkCore.Tests", "Havit.Blazor.Components.Web.Bootstrap.EntityFrameworkCore.Tests\Havit.Blazor.Components.Web.Bootstrap.EntityFrameworkCore.Tests.csproj", "{AD166DF7-CAFA-4471-B6F2-CA188BC96E5B}"
EndProject
Project("{9A19103F-16F7-4668-BE54-9A1E7A4F7556}") = "Havit.Blazor.TestApp", "Havit.Blazor.TestApp\Havit.Blazor.TestApp\Havit.Blazor.TestApp.csproj", "{9EF7E599-FF7D-4574-BF95-F439365F2B69}"
EndProject
Project("{9A19103F-16F7-4668-BE54-9A1E7A4F7556}") = "Havit.Blazor.TestApp.Client", "Havit.Blazor.TestApp\Havit.Blazor.TestApp.Client\Havit.Blazor.TestApp.Client.csproj", "{38D87399-13C1-4C86-9343-712EAE6095F0}"
EndProject
Project("{FAE04EC0-301F-11D3-BF4B-00C04F79EFBC}") = "Havit.SourceGenerators.StrongApiStringLocalizers.Tests", "Havit.SourceGenerators.StrongApiStringLocalizers.Tests\Havit.SourceGenerators.StrongApiStringLocalizers.Tests.csproj", "{9236499E-62FF-4C2F-92A0-408143D67E72}"
EndProject
Project("{FAE04EC0-301F-11D3-BF4B-00C04F79EFBC}") = "Havit.Blazor.Components.Web.ECharts", "Havit.Blazor.Components.Web.ECharts\Havit.Blazor.Components.Web.ECharts.csproj", "{EB811073-4045-4D8B-B860-C4B5EF719784}"
EndProject
Global
	GlobalSection(SolutionConfigurationPlatforms) = preSolution
		Debug|Any CPU = Debug|Any CPU
		Release|Any CPU = Release|Any CPU
	EndGlobalSection
	GlobalSection(ProjectConfigurationPlatforms) = postSolution
		{DF1C423F-ACA1-446E-A9F1-099DFDF70D44}.Debug|Any CPU.ActiveCfg = Debug|Any CPU
		{DF1C423F-ACA1-446E-A9F1-099DFDF70D44}.Debug|Any CPU.Build.0 = Debug|Any CPU
		{DF1C423F-ACA1-446E-A9F1-099DFDF70D44}.Release|Any CPU.ActiveCfg = Release|Any CPU
		{DF1C423F-ACA1-446E-A9F1-099DFDF70D44}.Release|Any CPU.Build.0 = Release|Any CPU
		{154FB5A5-4A1E-4D38-B492-9EB32E676928}.Debug|Any CPU.ActiveCfg = Debug|Any CPU
		{154FB5A5-4A1E-4D38-B492-9EB32E676928}.Debug|Any CPU.Build.0 = Debug|Any CPU
		{154FB5A5-4A1E-4D38-B492-9EB32E676928}.Release|Any CPU.ActiveCfg = Release|Any CPU
		{154FB5A5-4A1E-4D38-B492-9EB32E676928}.Release|Any CPU.Build.0 = Release|Any CPU
		{0685E15F-4A00-4D81-A268-9915B8D048AF}.Debug|Any CPU.ActiveCfg = Debug|Any CPU
		{0685E15F-4A00-4D81-A268-9915B8D048AF}.Debug|Any CPU.Build.0 = Debug|Any CPU
		{0685E15F-4A00-4D81-A268-9915B8D048AF}.Release|Any CPU.ActiveCfg = Release|Any CPU
		{0685E15F-4A00-4D81-A268-9915B8D048AF}.Release|Any CPU.Build.0 = Release|Any CPU
		{399A6F03-FA62-45F2-ACBC-F1B09D954807}.Debug|Any CPU.ActiveCfg = Debug|Any CPU
		{399A6F03-FA62-45F2-ACBC-F1B09D954807}.Debug|Any CPU.Build.0 = Debug|Any CPU
		{399A6F03-FA62-45F2-ACBC-F1B09D954807}.Release|Any CPU.ActiveCfg = Release|Any CPU
		{399A6F03-FA62-45F2-ACBC-F1B09D954807}.Release|Any CPU.Build.0 = Release|Any CPU
		{C4CC1C76-BCC9-403A-917D-144868F1215E}.Debug|Any CPU.ActiveCfg = Debug|Any CPU
		{C4CC1C76-BCC9-403A-917D-144868F1215E}.Debug|Any CPU.Build.0 = Debug|Any CPU
		{C4CC1C76-BCC9-403A-917D-144868F1215E}.Release|Any CPU.ActiveCfg = Release|Any CPU
		{C4CC1C76-BCC9-403A-917D-144868F1215E}.Release|Any CPU.Build.0 = Release|Any CPU
		{47F722AB-B5A4-49AD-899C-9E041C4E6C71}.Debug|Any CPU.ActiveCfg = Debug|Any CPU
		{47F722AB-B5A4-49AD-899C-9E041C4E6C71}.Debug|Any CPU.Build.0 = Debug|Any CPU
		{47F722AB-B5A4-49AD-899C-9E041C4E6C71}.Release|Any CPU.ActiveCfg = Release|Any CPU
		{47F722AB-B5A4-49AD-899C-9E041C4E6C71}.Release|Any CPU.Build.0 = Release|Any CPU
		{76FB473D-1C9D-484F-B04F-EDAF71CC1280}.Debug|Any CPU.ActiveCfg = Debug|Any CPU
		{76FB473D-1C9D-484F-B04F-EDAF71CC1280}.Debug|Any CPU.Build.0 = Debug|Any CPU
		{76FB473D-1C9D-484F-B04F-EDAF71CC1280}.Release|Any CPU.ActiveCfg = Release|Any CPU
		{76FB473D-1C9D-484F-B04F-EDAF71CC1280}.Release|Any CPU.Build.0 = Release|Any CPU
		{8715FA33-DD71-40F5-996A-3022F5F7B185}.Debug|Any CPU.ActiveCfg = Debug|Any CPU
		{8715FA33-DD71-40F5-996A-3022F5F7B185}.Debug|Any CPU.Build.0 = Debug|Any CPU
		{8715FA33-DD71-40F5-996A-3022F5F7B185}.Release|Any CPU.ActiveCfg = Release|Any CPU
		{8715FA33-DD71-40F5-996A-3022F5F7B185}.Release|Any CPU.Build.0 = Release|Any CPU
		{436CF1FE-1E6C-423D-8A64-0E9647C743EF}.Debug|Any CPU.ActiveCfg = Debug|Any CPU
		{436CF1FE-1E6C-423D-8A64-0E9647C743EF}.Debug|Any CPU.Build.0 = Debug|Any CPU
		{436CF1FE-1E6C-423D-8A64-0E9647C743EF}.Release|Any CPU.ActiveCfg = Release|Any CPU
		{436CF1FE-1E6C-423D-8A64-0E9647C743EF}.Release|Any CPU.Build.0 = Release|Any CPU
		{12E6532A-0404-4524-A6CC-101193F57D38}.Debug|Any CPU.ActiveCfg = Debug|Any CPU
		{12E6532A-0404-4524-A6CC-101193F57D38}.Debug|Any CPU.Build.0 = Debug|Any CPU
		{12E6532A-0404-4524-A6CC-101193F57D38}.Release|Any CPU.ActiveCfg = Release|Any CPU
		{12E6532A-0404-4524-A6CC-101193F57D38}.Release|Any CPU.Build.0 = Release|Any CPU
		{316A1C81-8D88-4232-9595-9CC9720A3758}.Debug|Any CPU.ActiveCfg = Debug|Any CPU
		{316A1C81-8D88-4232-9595-9CC9720A3758}.Debug|Any CPU.Build.0 = Debug|Any CPU
		{316A1C81-8D88-4232-9595-9CC9720A3758}.Release|Any CPU.ActiveCfg = Release|Any CPU
		{316A1C81-8D88-4232-9595-9CC9720A3758}.Release|Any CPU.Build.0 = Release|Any CPU
		{02D13F7C-BA47-4C07-946F-83E99B0808FA}.Debug|Any CPU.ActiveCfg = Debug|Any CPU
		{02D13F7C-BA47-4C07-946F-83E99B0808FA}.Debug|Any CPU.Build.0 = Debug|Any CPU
		{02D13F7C-BA47-4C07-946F-83E99B0808FA}.Release|Any CPU.ActiveCfg = Release|Any CPU
		{02D13F7C-BA47-4C07-946F-83E99B0808FA}.Release|Any CPU.Build.0 = Release|Any CPU
		{D9C85141-52C5-4A29-A512-01A069422C15}.Debug|Any CPU.ActiveCfg = Debug|Any CPU
		{D9C85141-52C5-4A29-A512-01A069422C15}.Debug|Any CPU.Build.0 = Debug|Any CPU
		{D9C85141-52C5-4A29-A512-01A069422C15}.Release|Any CPU.ActiveCfg = Release|Any CPU
		{D9C85141-52C5-4A29-A512-01A069422C15}.Release|Any CPU.Build.0 = Release|Any CPU
		{D05D6A1D-9D0E-4B0B-8A13-7A9DE32D6A3F}.Debug|Any CPU.ActiveCfg = Debug|Any CPU
		{D05D6A1D-9D0E-4B0B-8A13-7A9DE32D6A3F}.Debug|Any CPU.Build.0 = Debug|Any CPU
		{D05D6A1D-9D0E-4B0B-8A13-7A9DE32D6A3F}.Release|Any CPU.ActiveCfg = Release|Any CPU
		{D05D6A1D-9D0E-4B0B-8A13-7A9DE32D6A3F}.Release|Any CPU.Build.0 = Release|Any CPU
		{53DE26D4-4393-4BAC-B6BF-8BD02EF02EB0}.Debug|Any CPU.ActiveCfg = Debug|Any CPU
		{53DE26D4-4393-4BAC-B6BF-8BD02EF02EB0}.Debug|Any CPU.Build.0 = Debug|Any CPU
		{53DE26D4-4393-4BAC-B6BF-8BD02EF02EB0}.Release|Any CPU.ActiveCfg = Release|Any CPU
		{53DE26D4-4393-4BAC-B6BF-8BD02EF02EB0}.Release|Any CPU.Build.0 = Release|Any CPU
		{94525A2B-194C-4F6A-A50C-1CF798216797}.Debug|Any CPU.ActiveCfg = Debug|Any CPU
		{94525A2B-194C-4F6A-A50C-1CF798216797}.Debug|Any CPU.Build.0 = Debug|Any CPU
		{94525A2B-194C-4F6A-A50C-1CF798216797}.Release|Any CPU.ActiveCfg = Release|Any CPU
		{94525A2B-194C-4F6A-A50C-1CF798216797}.Release|Any CPU.Build.0 = Release|Any CPU
		{29F792EC-4240-46B2-98CF-00631F9B15FE}.Debug|Any CPU.ActiveCfg = Debug|Any CPU
		{29F792EC-4240-46B2-98CF-00631F9B15FE}.Debug|Any CPU.Build.0 = Debug|Any CPU
		{29F792EC-4240-46B2-98CF-00631F9B15FE}.Release|Any CPU.ActiveCfg = Release|Any CPU
		{29F792EC-4240-46B2-98CF-00631F9B15FE}.Release|Any CPU.Build.0 = Release|Any CPU
		{4A06D529-DD8A-44A0-B07B-90AE89E8B210}.Debug|Any CPU.ActiveCfg = Debug|Any CPU
		{4A06D529-DD8A-44A0-B07B-90AE89E8B210}.Debug|Any CPU.Build.0 = Debug|Any CPU
		{4A06D529-DD8A-44A0-B07B-90AE89E8B210}.Release|Any CPU.ActiveCfg = Release|Any CPU
		{4A06D529-DD8A-44A0-B07B-90AE89E8B210}.Release|Any CPU.Build.0 = Release|Any CPU
		{E64B4752-B697-4B5A-91F0-8A8581B1ABE5}.Debug|Any CPU.ActiveCfg = Debug|Any CPU
		{E64B4752-B697-4B5A-91F0-8A8581B1ABE5}.Debug|Any CPU.Build.0 = Debug|Any CPU
		{E64B4752-B697-4B5A-91F0-8A8581B1ABE5}.Release|Any CPU.ActiveCfg = Release|Any CPU
		{E64B4752-B697-4B5A-91F0-8A8581B1ABE5}.Release|Any CPU.Build.0 = Release|Any CPU
		{DC8FA7BF-2687-43BE-A310-CA9D89652AE6}.Debug|Any CPU.ActiveCfg = Debug|Any CPU
		{DC8FA7BF-2687-43BE-A310-CA9D89652AE6}.Debug|Any CPU.Build.0 = Debug|Any CPU
		{DC8FA7BF-2687-43BE-A310-CA9D89652AE6}.Release|Any CPU.ActiveCfg = Release|Any CPU
		{DC8FA7BF-2687-43BE-A310-CA9D89652AE6}.Release|Any CPU.Build.0 = Release|Any CPU
		{F6A546C8-60C3-47AC-A58B-66E3513DCC7A}.Debug|Any CPU.ActiveCfg = Debug|Any CPU
		{F6A546C8-60C3-47AC-A58B-66E3513DCC7A}.Debug|Any CPU.Build.0 = Debug|Any CPU
		{F6A546C8-60C3-47AC-A58B-66E3513DCC7A}.Release|Any CPU.ActiveCfg = Release|Any CPU
		{F6A546C8-60C3-47AC-A58B-66E3513DCC7A}.Release|Any CPU.Build.0 = Release|Any CPU
		{AD166DF7-CAFA-4471-B6F2-CA188BC96E5B}.Debug|Any CPU.ActiveCfg = Debug|Any CPU
		{AD166DF7-CAFA-4471-B6F2-CA188BC96E5B}.Debug|Any CPU.Build.0 = Debug|Any CPU
		{AD166DF7-CAFA-4471-B6F2-CA188BC96E5B}.Release|Any CPU.ActiveCfg = Release|Any CPU
		{AD166DF7-CAFA-4471-B6F2-CA188BC96E5B}.Release|Any CPU.Build.0 = Release|Any CPU
		{9EF7E599-FF7D-4574-BF95-F439365F2B69}.Debug|Any CPU.ActiveCfg = Debug|Any CPU
		{9EF7E599-FF7D-4574-BF95-F439365F2B69}.Debug|Any CPU.Build.0 = Debug|Any CPU
		{9EF7E599-FF7D-4574-BF95-F439365F2B69}.Release|Any CPU.ActiveCfg = Release|Any CPU
		{9EF7E599-FF7D-4574-BF95-F439365F2B69}.Release|Any CPU.Build.0 = Release|Any CPU
		{38D87399-13C1-4C86-9343-712EAE6095F0}.Debug|Any CPU.ActiveCfg = Debug|Any CPU
		{38D87399-13C1-4C86-9343-712EAE6095F0}.Debug|Any CPU.Build.0 = Debug|Any CPU
		{38D87399-13C1-4C86-9343-712EAE6095F0}.Release|Any CPU.ActiveCfg = Release|Any CPU
		{38D87399-13C1-4C86-9343-712EAE6095F0}.Release|Any CPU.Build.0 = Release|Any CPU
		{9236499E-62FF-4C2F-92A0-408143D67E72}.Debug|Any CPU.ActiveCfg = Debug|Any CPU
		{9236499E-62FF-4C2F-92A0-408143D67E72}.Debug|Any CPU.Build.0 = Debug|Any CPU
		{9236499E-62FF-4C2F-92A0-408143D67E72}.Release|Any CPU.ActiveCfg = Release|Any CPU
		{9236499E-62FF-4C2F-92A0-408143D67E72}.Release|Any CPU.Build.0 = Release|Any CPU
		{EB811073-4045-4D8B-B860-C4B5EF719784}.Debug|Any CPU.ActiveCfg = Debug|Any CPU
		{EB811073-4045-4D8B-B860-C4B5EF719784}.Debug|Any CPU.Build.0 = Debug|Any CPU
		{EB811073-4045-4D8B-B860-C4B5EF719784}.Release|Any CPU.ActiveCfg = Release|Any CPU
		{EB811073-4045-4D8B-B860-C4B5EF719784}.Release|Any CPU.Build.0 = Release|Any CPU
	EndGlobalSection
	GlobalSection(SolutionProperties) = preSolution
		HideSolutionNode = FALSE
	EndGlobalSection
	GlobalSection(NestedProjects) = preSolution
		{8715FA33-DD71-40F5-996A-3022F5F7B185} = {201D627C-BC35-4971-95D0-5BA656E771F6}
		{436CF1FE-1E6C-423D-8A64-0E9647C743EF} = {201D627C-BC35-4971-95D0-5BA656E771F6}
		{12E6532A-0404-4524-A6CC-101193F57D38} = {79C29E4F-EF98-4F43-9782-B0D58A533C4D}
		{316A1C81-8D88-4232-9595-9CC9720A3758} = {79C29E4F-EF98-4F43-9782-B0D58A533C4D}
		{02D13F7C-BA47-4C07-946F-83E99B0808FA} = {79C29E4F-EF98-4F43-9782-B0D58A533C4D}
		{D9C85141-52C5-4A29-A512-01A069422C15} = {79C29E4F-EF98-4F43-9782-B0D58A533C4D}
		{29F792EC-4240-46B2-98CF-00631F9B15FE} = {79C29E4F-EF98-4F43-9782-B0D58A533C4D}
		{4A06D529-DD8A-44A0-B07B-90AE89E8B210} = {79C29E4F-EF98-4F43-9782-B0D58A533C4D}
		{E64B4752-B697-4B5A-91F0-8A8581B1ABE5} = {79C29E4F-EF98-4F43-9782-B0D58A533C4D}
		{F6A546C8-60C3-47AC-A58B-66E3513DCC7A} = {79C29E4F-EF98-4F43-9782-B0D58A533C4D}
		{45BC138B-4F00-43DD-BF5D-D2FC36972857} = {D7B56FC7-6322-4B66-B34F-A972805BF740}
		{9236499E-62FF-4C2F-92A0-408143D67E72} = {201D627C-BC35-4971-95D0-5BA656E771F6}
	EndGlobalSection
	GlobalSection(ExtensibilityGlobals) = postSolution
		SolutionGuid = {BA2F0FE2-9DA0-4C29-8772-0802E2E67119}
	EndGlobalSection
EndGlobal
