
Microsoft Visual Studio Solution File, Format Version 12.00
# Visual Studio Version 16
VisualStudioVersion = 16.0.30011.22
MinimumVisualStudioVersion = 10.0.40219.1
Project("{9A19103F-16F7-4668-BE54-9A1E7A4F7556}") = "Havit.Blazor.Components.Web", "Havit.Blazor.Components.Web\Havit.Blazor.Components.Web.csproj", "{DF1C423F-ACA1-446E-A9F1-099DFDF70D44}"
EndProject
Project("{9A19103F-16F7-4668-BE54-9A1E7A4F7556}") = "Havit.Blazor.Components.Web.Bootstrap", "Havit.Blazor.Components.Web.Bootstrap\Havit.Blazor.Components.Web.Bootstrap.csproj", "{154FB5A5-4A1E-4D38-B492-9EB32E676928}"
EndProject
Project("{9A19103F-16F7-4668-BE54-9A1E7A4F7556}") = "BlazorAppTest", "BlazorAppTest\BlazorAppTest.csproj", "{0685E15F-4A00-4D81-A268-9915B8D048AF}"
EndProject
Project("{9A19103F-16F7-4668-BE54-9A1E7A4F7556}") = "Havit.Blazor.Components.Web.Bootstrap.Documentation", "Havit.Blazor.Components.Web.Bootstrap.Documentation\Havit.Blazor.Components.Web.Bootstrap.Documentation.csproj", "{399A6F03-FA62-45F2-ACBC-F1B09D954807}"
EndProject
Project("{9A19103F-16F7-4668-BE54-9A1E7A4F7556}") = "Havit.Blazor.Components.Web.Bootstrap.Documentation.Server", "Havit.Blazor.Components.Web.Bootstrap.Documentation.Server\Havit.Blazor.Components.Web.Bootstrap.Documentation.Server.csproj", "{C4CC1C76-BCC9-403A-917D-144868F1215E}"
EndProject
Project("{2150E333-8FDC-42A3-9474-1A3956D46DE8}") = "Solution Items", "Solution Items", "{D7B56FC7-6322-4B66-B34F-A972805BF740}"
	ProjectSection(SolutionItems) = preProject
		.gitattributes = .gitattributes
		.gitignore = .gitignore
		CommonAssemblyInfo.cs = CommonAssemblyInfo.cs
		Directory.Build.props = Directory.Build.props
		LICENSE = LICENSE
		logo.png = logo.png
		NuGet.targets = NuGet.targets
	EndProjectSection
EndProject
Project("{9A19103F-16F7-4668-BE54-9A1E7A4F7556}") = "Havit.Blazor.Components.Web.Tests", "Havit.Blazor.Components.Web.Tests\Havit.Blazor.Components.Web.Tests.csproj", "{47F722AB-B5A4-49AD-899C-9E041C4E6C71}"
EndProject
Project("{9A19103F-16F7-4668-BE54-9A1E7A4F7556}") = "Havit.Blazor.Components.Web.Bootstrap.Tests", "Havit.Blazor.Components.Web.Bootstrap.Tests\Havit.Blazor.Components.Web.Bootstrap.Tests.csproj", "{76FB473D-1C9D-484F-B04F-EDAF71CC1280}"
EndProject
Project("{9A19103F-16F7-4668-BE54-9A1E7A4F7556}") = "Havit.SourceGenerators.StrongApiStringLocalizers", "Havit.SourceGenerators.StrongApiStringLocalizers\Havit.SourceGenerators.StrongApiStringLocalizers.csproj", "{8715FA33-DD71-40F5-996A-3022F5F7B185}"
EndProject
Global
	GlobalSection(SolutionConfigurationPlatforms) = preSolution
		Debug|Any CPU = Debug|Any CPU
		Release|Any CPU = Release|Any CPU
	EndGlobalSection
	GlobalSection(ProjectConfigurationPlatforms) = postSolution
		{DF1C423F-ACA1-446E-A9F1-099DFDF70D44}.Debug|Any CPU.ActiveCfg = Debug|Any CPU
		{DF1C423F-ACA1-446E-A9F1-099DFDF70D44}.Debug|Any CPU.Build.0 = Debug|Any CPU
		{DF1C423F-ACA1-446E-A9F1-099DFDF70D44}.Release|Any CPU.ActiveCfg = Release|Any CPU
		{DF1C423F-ACA1-446E-A9F1-099DFDF70D44}.Release|Any CPU.Build.0 = Release|Any CPU
		{154FB5A5-4A1E-4D38-B492-9EB32E676928}.Debug|Any CPU.ActiveCfg = Debug|Any CPU
		{154FB5A5-4A1E-4D38-B492-9EB32E676928}.Debug|Any CPU.Build.0 = Debug|Any CPU
		{154FB5A5-4A1E-4D38-B492-9EB32E676928}.Release|Any CPU.ActiveCfg = Release|Any CPU
		{154FB5A5-4A1E-4D38-B492-9EB32E676928}.Release|Any CPU.Build.0 = Release|Any CPU
		{0685E15F-4A00-4D81-A268-9915B8D048AF}.Debug|Any CPU.ActiveCfg = Debug|Any CPU
		{0685E15F-4A00-4D81-A268-9915B8D048AF}.Debug|Any CPU.Build.0 = Debug|Any CPU
		{0685E15F-4A00-4D81-A268-9915B8D048AF}.Release|Any CPU.ActiveCfg = Release|Any CPU
		{0685E15F-4A00-4D81-A268-9915B8D048AF}.Release|Any CPU.Build.0 = Release|Any CPU
		{399A6F03-FA62-45F2-ACBC-F1B09D954807}.Debug|Any CPU.ActiveCfg = Debug|Any CPU
		{399A6F03-FA62-45F2-ACBC-F1B09D954807}.Debug|Any CPU.Build.0 = Debug|Any CPU
		{399A6F03-FA62-45F2-ACBC-F1B09D954807}.Release|Any CPU.ActiveCfg = Release|Any CPU
		{399A6F03-FA62-45F2-ACBC-F1B09D954807}.Release|Any CPU.Build.0 = Release|Any CPU
		{C4CC1C76-BCC9-403A-917D-144868F1215E}.Debug|Any CPU.ActiveCfg = Debug|Any CPU
		{C4CC1C76-BCC9-403A-917D-144868F1215E}.Debug|Any CPU.Build.0 = Debug|Any CPU
		{C4CC1C76-BCC9-403A-917D-144868F1215E}.Release|Any CPU.ActiveCfg = Release|Any CPU
		{C4CC1C76-BCC9-403A-917D-144868F1215E}.Release|Any CPU.Build.0 = Release|Any CPU
		{47F722AB-B5A4-49AD-899C-9E041C4E6C71}.Debug|Any CPU.ActiveCfg = Debug|Any CPU
		{47F722AB-B5A4-49AD-899C-9E041C4E6C71}.Debug|Any CPU.Build.0 = Debug|Any CPU
		{47F722AB-B5A4-49AD-899C-9E041C4E6C71}.Release|Any CPU.ActiveCfg = Release|Any CPU
		{47F722AB-B5A4-49AD-899C-9E041C4E6C71}.Release|Any CPU.Build.0 = Release|Any CPU
		{76FB473D-1C9D-484F-B04F-EDAF71CC1280}.Debug|Any CPU.ActiveCfg = Debug|Any CPU
		{76FB473D-1C9D-484F-B04F-EDAF71CC1280}.Debug|Any CPU.Build.0 = Debug|Any CPU
		{76FB473D-1C9D-484F-B04F-EDAF71CC1280}.Release|Any CPU.ActiveCfg = Release|Any CPU
		{76FB473D-1C9D-484F-B04F-EDAF71CC1280}.Release|Any CPU.Build.0 = Release|Any CPU
		{8715FA33-DD71-40F5-996A-3022F5F7B185}.Debug|Any CPU.ActiveCfg = Debug|Any CPU
		{8715FA33-DD71-40F5-996A-3022F5F7B185}.Debug|Any CPU.Build.0 = Debug|Any CPU
		{8715FA33-DD71-40F5-996A-3022F5F7B185}.Release|Any CPU.ActiveCfg = Release|Any CPU
		{8715FA33-DD71-40F5-996A-3022F5F7B185}.Release|Any CPU.Build.0 = Release|Any CPU
	EndGlobalSection
	GlobalSection(SolutionProperties) = preSolution
		HideSolutionNode = FALSE
	EndGlobalSection
	GlobalSection(ExtensibilityGlobals) = postSolution
		SolutionGuid = {BA2F0FE2-9DA0-4C29-8772-0802E2E67119}
	EndGlobalSection
EndGlobal
